GEM
  remote: https://rubygems.org/
  specs:
    bluecloth (2.2.0)
    connection_pool (3.0.2)
    net-http-persistent (4.0.8)
      connection_pool (>= 2.2.4, < 4)
    paint (2.3.0)
    rake (13.4.2)
    ruby-xz (1.0.3)

PLATFORMS
  ruby

DEPENDENCIES
  bluecloth
  net-http-persistent
  paint
  rake
  ruby-xz

BUNDLED WITH
   2.3.27
